
Microsoft Visual Studio Solution File, Format Version 12.00
# Visual Studio Version 17
VisualStudioVersion = 17.4.33213.308
MinimumVisualStudioVersion = 10.0.40219.1
Project("{FAE04EC0-301F-11D3-BF4B-00C04F79EFBC}") = "Chatgpt", "Chatgpt.csproj", "{87B5F459-4ED2-45C4-B635-FBE5227D1921}"
EndProject
Global
	GlobalSection(SolutionConfigurationPlatforms) = preSolution
		Debug|Any CPU = Debug|Any CPU
		Release|Any CPU = Release|Any CPU
	EndGlobalSection
	GlobalSection(ProjectConfigurationPlatforms) = postSolution
		{87B5F459-4ED2-45C4-B635-FBE5227D1921}.Debug|Any CPU.ActiveCfg = Debug|Any CPU
		{87B5F459-4ED2-45C4-B635-FBE5227D1921}.Debug|Any CPU.Build.0 = Debug|Any CPU
		{87B5F459-4ED2-45C4-B635-FBE5227D1921}.Release|Any CPU.ActiveCfg = Release|Any CPU
		{87B5F459-4ED2-45C4-B635-FBE5227D1921}.Release|Any CPU.Build.0 = Release|Any CPU
	EndGlobalSection
	GlobalSection(SolutionProperties) = preSolution
		HideSolutionNode = FALSE
	EndGlobalSection
	GlobalSection(ExtensibilityGlobals) = postSolution
		SolutionGuid = {B1254FFD-3A6A-4BDF-9A6E-620ED6E4C62B}
	EndGlobalSection
EndGlobal
